version = 1
revision = 3
requires-python = ">=3.11"

[[package]]
name = "multi-game-companion"
version = "2.0.62"
source = { virtual = "." }
dependencies = [
    { name = "winrt-runtime" },
    { name = "winrt-windows-foundation" },
    { name = "winrt-windows-foundation-collections" },
    { name = "winrt-windows-globalization" },
    { name = "winrt-windows-graphics-imaging" },
    { name = "winrt-windows-media-ocr" },
    { name = "winrt-windows-storage-streams" },
]

[package.metadata]
requires-dist = [
    { name = "winrt-runtime", specifier = "==3.2.1" },
    { name = "winrt-windows-foundation", specifier = "==3.2.1" },
    { name = "winrt-windows-foundation-collections", specifier = "==3.2.1" },
    { name = "winrt-windows-globalization", specifier = "==3.2.1" },
    { name = "winrt-windows-graphics-imaging", specifier = "==3.2.1" },
    { name = "winrt-windows-media-ocr", specifier = "==3.2.1" },
    { name = "winrt-windows-storage-streams", specifier = "==3.2.1" },
]

[[package]]
name = "typing-extensions"
version = "4.16.0"
source = { registry = "https://pypi.org/simple" }
sdist = { url = "https://files.pythonhosted.org/packages/f6/cc/6253133b5bb138fc3306cebfbda2c520f545d36b5be2c7255cc528bb45d6/typing_extensions-4.16.0.tar.gz", hash = "sha256:dc983d19a509c94dba722ee6abd33940f7c05a89e243c47e907eb4db6f1a43e5", size = 113555, upload-time = "2026-07-02T08:40:05.92Z" }
wheels = [
    { url = "https://files.pythonhosted.org/packages/49/d3/b8441a820a491ddfc024b0b0cf0393375b75ea13866d9c66727e54c2fc80/typing_extensions-4.16.0-py3-none-any.whl", hash = "sha256:481caa481374e813c1b176ada14e97f1f67a4539ce9cfeb3f350d78d6370c2e8", size = 45571, upload-time = "2026-07-02T08:40:04.659Z" },
]

[[package]]
name = "winrt-runtime"
version = "3.2.1"
source = { registry = "https://pypi.org/simple" }
dependencies = [
    { name = "typing-extensions" },
]
sdist = { url = "https://files.pythonhosted.org/packages/16/dd/acdd527c1d890c8f852cc2af644aa6c160974e66631289420aa871b05e65/winrt_runtime-3.2.1.tar.gz", hash = "sha256:c8dca19e12b234ae6c3dadf1a4d0761b51e708457492c13beb666556958801ea", size = 21721, upload-time = "2025-06-06T14:40:27.593Z" }
wheels = [
    { url = "https://files.pythonhosted.org/packages/90/8d/d7ae0e07cd85c7768de76e8578261854f2af72bd3a8a527bb675e8ae0eda/winrt_runtime-3.2.1-cp311-cp311-win32.whl", hash = "sha256:9e9b64f1ba631cc4b9fe60b8ff16fef3f32c7ce2fcc84735a63129ff8b15c022", size = 210798, upload-time = "2025-06-06T06:44:04.775Z" },
    { url = "https://files.pythonhosted.org/packages/ac/66/d05f6e6c0517654734e7f87fa1f0fbc965add9f27cc36b524d96331ab3d8/winrt_runtime-3.2.1-cp311-cp311-win_amd64.whl", hash = "sha256:c0a9046ae416808420a358c51705af8ae100acd40bc578be57ddfdd51cbb0f9c", size = 242032, upload-time = "2025-06-06T06:44:06.103Z" },
    { url = "https://files.pythonhosted.org/packages/39/a5/760c8396110f6d3e4c417752da1a2bf3b89e0998329c2f10afc717ef6291/winrt_runtime-3.2.1-cp311-cp311-win_arm64.whl", hash = "sha256:e94f3cb40ea2d723c44c82c16d715c03c6b3bd977d135b49535fdd5415fd9130", size = 415659, upload-time = "2025-06-06T06:44:07.007Z" },
    { url = "https://files.pythonhosted.org/packages/d3/54/3dd06f2341fab6abb06588a16b30e0b213b0125be7b79dafc3bdba3b334a/winrt_runtime-3.2.1-cp312-cp312-win32.whl", hash = "sha256:762b3d972a2f7037f7db3acbaf379dd6d8f6cda505f71f66c6b425d1a1eae2f1", size = 210090, upload-time = "2025-06-06T06:44:08.151Z" },
    { url = "https://files.pythonhosted.org/packages/ca/a1/1d7248d5c62ccbea5f3e0da64ca4529ce99c639c3be2485b6ed709f5c740/winrt_runtime-3.2.1-cp312-cp312-win_amd64.whl", hash = "sha256:06510db215d4f0dc45c00fbb1251c6544e91742a0ad928011db33b30677e1576", size = 241391, upload-time = "2025-06-06T06:44:09.442Z" },
    { url = "https://files.pythonhosted.org/packages/8a/ae/6a205d8dafc79f7c242be7f940b1e0c1971fd64ab3079bda4b514aa3d714/winrt_runtime-3.2.1-cp312-cp312-win_arm64.whl", hash = "sha256:14562c29a087ccad38e379e585fef333e5c94166c807bdde67b508a6261aa195", size = 415242, upload-time = "2025-06-06T06:44:10.407Z" },
    { url = "https://files.pythonhosted.org/packages/79/d4/1a555d8bdcb8b920f8e896232c82901cc0cda6d3e4f92842199ae7dff70a/winrt_runtime-3.2.1-cp313-cp313-win32.whl", hash = "sha256:44e2733bc709b76c554aee6c7fe079443b8306b2e661e82eecfebe8b9d71e4d1", size = 210022, upload-time = "2025-06-06T06:44:11.767Z" },
    { url = "https://files.pythonhosted.org/packages/aa/24/2b6e536ca7745d788dfd17a2ec376fa03a8c7116dc638bb39b035635484f/winrt_runtime-3.2.1-cp313-cp313-win_amd64.whl", hash = "sha256:3c1fdcaeedeb2920dc3b9039db64089a6093cad2be56a3e64acc938849245a6d", size = 241349, upload-time = "2025-06-06T06:44:12.661Z" },
    { url = "https://files.pythonhosted.org/packages/d4/7f/6d72973279e2929b2a71ed94198ad4a5d63ee2936e91a11860bf7b431410/winrt_runtime-3.2.1-cp313-cp313-win_arm64.whl", hash = "sha256:28f3dab083412625ff4d2b46e81246932e6bebddf67bea7f05e01712f54e6159", size = 415126, upload-time = "2025-06-06T06:44:13.702Z" },
    { url = "https://files.pythonhosted.org/packages/c8/87/88bd98419a9da77a68e030593fee41702925a7ad8a8aec366945258cbb31/winrt_runtime-3.2.1-cp314-cp314-win32.whl", hash = "sha256:9b6298375468ac2f6815d0c008a059fc16508c8f587e824c7936ed9216480dad", size = 210257, upload-time = "2025-09-20T07:06:41.054Z" },
    { url = "https://files.pythonhosted.org/packages/87/85/e5c2a10d287edd9d3ee8dc24bf7d7f335636b92bf47119768b7dd2fd1669/winrt_runtime-3.2.1-cp314-cp314-win_amd64.whl", hash = "sha256:e36e587ab5fd681ee472cd9a5995743f75107a1a84d749c64f7e490bc86bc814", size = 241873, upload-time = "2025-09-20T07:06:42.059Z" },
    { url = "https://files.pythonhosted.org/packages/52/2a/eb9e78397132175f70dd51dfa4f93e489c17d6b313ae9dce60369b8d84a7/winrt_runtime-3.2.1-cp314-cp314-win_arm64.whl", hash = "sha256:35d6241a2ebd5598e4788e69768b8890ee1eee401a819865767a1fbdd3e9a650", size = 416222, upload-time = "2025-09-20T07:06:43.376Z" },
]

[[package]]
name = "winrt-windows-foundation"
version = "3.2.1"
source = { registry = "https://pypi.org/simple" }
dependencies = [
    { name = "winrt-runtime" },
]
sdist = { url = "https://files.pythonhosted.org/packages/0c/55/098ce7ea0679efcc1298b269c48768f010b6c68f90c588f654ec874c8a74/winrt_windows_foundation-3.2.1.tar.gz", hash = "sha256:ad2f1fcaa6c34672df45527d7c533731fdf65b67c4638c2b4aca949f6eec0656", size = 30485, upload-time = "2025-06-06T14:41:53.344Z" }
wheels = [
    { url = "https://files.pythonhosted.org/packages/c0/36/09b9757f7cbf269e67008ea2ad188a44f974c94c9b49ebf0b52d1a8c4069/winrt_windows_foundation-3.2.1-cp311-cp311-win32.whl", hash = "sha256:d1b5970241ccd61428f7330d099be75f4f52f25e510d82c84dbbdaadd625e437", size = 111944, upload-time = "2025-06-06T07:10:58.496Z" },
    { url = "https://files.pythonhosted.org/packages/05/a5/216d66df6bdcee58eb3877fabc1544337e23f850bf9f93838db7f5698371/winrt_windows_foundation-3.2.1-cp311-cp311-win_amd64.whl", hash = "sha256:f3762be2f6e0f2aedf83a0742fd727290b397ffe3463d963d29211e4ebb53a7e", size = 118465, upload-time = "2025-06-06T07:10:59.678Z" },
    { url = "https://files.pythonhosted.org/packages/be/ca/48ca8b5bc5be5c7a5516c9e1d9a21861b4217e1b4ee57923aab6f13fa411/winrt_windows_foundation-3.2.1-cp311-cp311-win_arm64.whl", hash = "sha256:806c77818217b3476e6c617293b3d5b0ff8a9901549dc3417586f6799938d671", size = 109609, upload-time = "2025-06-06T07:11:00.54Z" },
    { url = "https://files.pythonhosted.org/packages/f3/f8/495e304ddedd5ff2f196efbde906265cb75ade4d79e2937837f72ef654a0/winrt_windows_foundation-3.2.1-cp312-cp312-win32.whl", hash = "sha256:867642ccf629611733db482c4288e17b7919f743a5873450efb6d69ae09fdc2b", size = 112169, upload-time = "2025-06-06T07:11:01.438Z" },
    { url = "https://files.pythonhosted.org/packages/9b/5e/b5059e4ece095351c496c9499783130c302d25e353c18031d5231b1b3b3c/winrt_windows_foundation-3.2.1-cp312-cp312-win_amd64.whl", hash = "sha256:45550c5b6c2125cde495c409633e6b1ea5aa1677724e3b95eb8140bfccbe30c9", size = 118668, upload-time = "2025-06-06T07:11:02.475Z" },
    { url = "https://files.pythonhosted.org/packages/a5/70/acbcb3ef07b1b67e2de4afab9176a5282cfd775afd073efe6828dfc65ace/winrt_windows_foundation-3.2.1-cp312-cp312-win_arm64.whl", hash = "sha256:94f4661d71cb35ebc52be7af112f2eeabdfa02cb05e0243bf9d6bd2cafaa6f37", size = 109671, upload-time = "2025-06-06T07:11:03.538Z" },
    { url = "https://files.pythonhosted.org/packages/7b/71/5e87131e4aecc8546c76b9e190bfe4e1292d028bda3f9dd03b005d19c76c/winrt_windows_foundation-3.2.1-cp313-cp313-win32.whl", hash = "sha256:3998dc58ed50ecbdbabace1cdef3a12920b725e32a5806d648ad3f4829d5ba46", size = 112184, upload-time = "2025-06-06T07:11:04.459Z" },
    { url = "https://files.pythonhosted.org/packages/ba/7f/8d5108461351d4f6017f550af8874e90c14007f9122fa2eab9f9e0e9b4e1/winrt_windows_foundation-3.2.1-cp313-cp313-win_amd64.whl", hash = "sha256:6e98617c1e46665c7a56ce3f5d28e252798416d1ebfee3201267a644a4e3c479", size = 118672, upload-time = "2025-06-06T07:11:05.55Z" },
    { url = "https://files.pythonhosted.org/packages/44/f5/2edf70922a3d03500dab17121b90d368979bd30016f6dbca0d043f0c71f1/winrt_windows_foundation-3.2.1-cp313-cp313-win_arm64.whl", hash = "sha256:2a8c1204db5c352f6a563130a5a41d25b887aff7897bb677d4ff0b660315aad4", size = 109673, upload-time = "2025-06-06T07:11:06.398Z" },
    { url = "https://files.pythonhosted.org/packages/e3/0a/d77346e39fe0c81f718cde49f83fe77c368c0e14c6418f72dfa1e7ef22d0/winrt_windows_foundation-3.2.1-cp314-cp314-win32.whl", hash = "sha256:35e973ab3c77c2a943e139302256c040e017fd6ff1a75911c102964603bba1da", size = 114590, upload-time = "2025-09-20T07:11:49.97Z" },
    { url = "https://files.pythonhosted.org/packages/a1/56/4d2b545bea0f34f68df6d4d4ca22950ff8a935497811dccdc0ca58737a05/winrt_windows_foundation-3.2.1-cp314-cp314-win_amd64.whl", hash = "sha256:a22a7ebcec0d262e60119cff728f32962a02df60471ded8b2735a655eccc0ef5", size = 122148, upload-time = "2025-09-20T07:11:50.826Z" },
    { url = "https://files.pythonhosted.org/packages/ed/ed/b9d3a11cac73444c0a3703200161cd7267dab5ab85fd00e1f965526e74a8/winrt_windows_foundation-3.2.1-cp314-cp314-win_arm64.whl", hash = "sha256:3be7fbae829b98a6a946db4fbaf356b11db1fbcbb5d4f37e7a73ac6b25de8b87", size = 114360, upload-time = "2025-09-20T07:11:51.626Z" },
]

[[package]]
name = "winrt-windows-foundation-collections"
version = "3.2.1"
source = { registry = "https://pypi.org/simple" }
dependencies = [
    { name = "winrt-runtime" },
]
sdist = { url = "https://files.pythonhosted.org/packages/ef/62/d21e3f1eeb8d47077887bbf0c3882c49277a84d8f98f7c12bda64d498a07/winrt_windows_foundation_collections-3.2.1.tar.gz", hash = "sha256:0eff1ad0d8d763ad17e9e7bbd0c26a62b27215016393c05b09b046d6503ae6d5", size = 16043, upload-time = "2025-06-06T14:41:53.983Z" }
wheels = [
    { url = "https://files.pythonhosted.org/packages/87/b3/7e4a75c62e86bedf9458b7ec8dfed74cff3236e0b4b2288f95967d5cc4d2/winrt_windows_foundation_collections-3.2.1-cp311-cp311-win32.whl", hash = "sha256:9b272d9936e7db4840881c5dcf921eb26789ae4ef23fb6ec15e13e19a16254e7", size = 59693, upload-time = "2025-06-06T07:11:13.388Z" },
    { url = "https://files.pythonhosted.org/packages/32/58/049db1d95fdfc0c8451dc6db17442ed4e6b2aba361c425c0bb8dc8c98c4a/winrt_windows_foundation_collections-3.2.1-cp311-cp311-win_amd64.whl", hash = "sha256:c646a5d442dd6540ade50890081ca118b41f073356e19032d0a5d7d0d38fbc89", size = 70828, upload-time = "2025-06-06T07:11:14.54Z" },
    { url = "https://files.pythonhosted.org/packages/5b/6b/a04974f5555c86452e54c19d063d9fd45f0fe9f2a6858e7fe12c639043fb/winrt_windows_foundation_collections-3.2.1-cp311-cp311-win_arm64.whl", hash = "sha256:2c4630027c93cdd518b0cf4cc726b8fbdbc3388e36d02aa1de190a0fc18ca523", size = 59051, upload-time = "2025-06-06T07:11:15.379Z" },
    { url = "https://files.pythonhosted.org/packages/1d/0b/7802349391466d3f7e8f62f588f36a1a0b6560abfcdbdaa426fe21d322b4/winrt_windows_foundation_collections-3.2.1-cp312-cp312-win32.whl", hash = "sha256:15704eef3125788f846f269cf54a3d89656fa09a1dc8428b70871f717d595ad6", size = 60060, upload-time = "2025-06-06T07:11:16.173Z" },
    { url = "https://files.pythonhosted.org/packages/37/94/5b888713e472746635a382e523513ab1b8200af55c5b56bc70e1e4369115/winrt_windows_foundation_collections-3.2.1-cp312-cp312-win_amd64.whl", hash = "sha256:550dfb8c82fe74d9e0728a2a16a9175cc9e34ca2b8ef758d69b2a398894b698b", size = 69058, upload-time = "2025-06-06T07:11:17.009Z" },
    { url = "https://files.pythonhosted.org/packages/5f/3c/829273622c9b37c67b97f187b92be318404f7d33db045e31d72b7d50f54c/winrt_windows_foundation_collections-3.2.1-cp312-cp312-win_arm64.whl", hash = "sha256:810ad4bd11ab4a74fdbcd3ed33b597ef7c0b03af73fc9d7986c22bcf3bd24f84", size = 58793, upload-time = "2025-06-06T07:11:17.837Z" },
    { url = "https://files.pythonhosted.org/packages/a6/cd/99ef050d80bea2922fa1ded93e5c250732634095d8bd3595dd808083e5ca/winrt_windows_foundation_collections-3.2.1-cp313-cp313-win32.whl", hash = "sha256:4267a711b63476d36d39227883aeb3fb19ac92b88a9fc9973e66fbce1fd4aed9", size = 60063, upload-time = "2025-06-06T07:11:18.65Z" },
    { url = "https://files.pythonhosted.org/packages/94/93/4f75fd6a4c96f1e9bee198c5dc9a9b57e87a9c38117e1b5e423401886353/winrt_windows_foundation_collections-3.2.1-cp313-cp313-win_amd64.whl", hash = "sha256:5e12a6e75036ee90484c33e204b85fb6785fcc9e7c8066ad65097301f48cdd10", size = 69057, upload-time = "2025-06-06T07:11:19.446Z" },
    { url = "https://files.pythonhosted.org/packages/40/76/de47ccc390017ec5575e7e7fd9f659ee3747c52049cdb2969b1b538ce947/winrt_windows_foundation_collections-3.2.1-cp313-cp313-win_arm64.whl", hash = "sha256:34b556255562f1b36d07fba933c2bcd9f0db167fa96727a6cbb4717b152ad7a2", size = 58792, upload-time = "2025-06-06T07:11:20.24Z" },
    { url = "https://files.pythonhosted.org/packages/e1/47/b3301d964422d4611c181348149a7c5956a2a76e6339de451a000d4ae8e7/winrt_windows_foundation_collections-3.2.1-cp314-cp314-win32.whl", hash = "sha256:33188ed2d63e844c8adfbb82d1d3d461d64aaf78d225ce9c5930421b413c45ab", size = 62211, upload-time = "2025-09-20T07:11:52.411Z" },
    { url = "https://files.pythonhosted.org/packages/20/59/5f2c940ff606297129e93ebd6030c813e6a43a786de7fc33ccb268e0b06b/winrt_windows_foundation_collections-3.2.1-cp314-cp314-win_amd64.whl", hash = "sha256:d4cfece7e9c0ead2941e55a1da82f20d2b9c8003bb7a8853bb7f999b539f80a4", size = 70399, upload-time = "2025-09-20T07:11:53.254Z" },
    { url = "https://files.pythonhosted.org/packages/f8/2d/2c8eb89062c71d4be73d618457ed68e7e2ba29a660ac26349d44fc121cbf/winrt_windows_foundation_collections-3.2.1-cp314-cp314-win_arm64.whl", hash = "sha256:3884146fea13727510458f6a14040b7632d5d90127028b9bfd503c6c655d0c01", size = 61392, upload-time = "2025-09-20T07:11:53.993Z" },
]

[[package]]
name = "winrt-windows-globalization"
version = "3.2.1"
source = { registry = "https://pypi.org/simple" }
dependencies = [
    { name = "winrt-runtime" },
]
sdist = { url = "https://files.pythonhosted.org/packages/a8/aa/83c0bd92a9e9f0143d8698678b42956cab5c18118511d02a809b42776ed2/winrt_windows_globalization-3.2.1.tar.gz", hash = "sha256:bf81ba15b33b34d94f68c0c97a3916c57c5a624b55abf409811320dee2a4dab4", size = 25284, upload-time = "2025-06-06T14:42:01.91Z" }
wheels = [
    { url = "https://files.pythonhosted.org/packages/e3/02/d254dc92e75efec4ec18aef41ff6e894023389ed45f5efb530a6a9a09aae/winrt_windows_globalization-3.2.1-cp311-cp311-win32.whl", hash = "sha256:d873bee4d092ddc37a434d45989049fc203c0231e700961ea45d96d4fa8ba8f0", size = 113038, upload-time = "2025-06-06T07:13:39.625Z" },
    { url = "https://files.pythonhosted.org/packages/d6/2d/bb67813e850d7e2f56e9167ff015571255309e08aeeeffab281f9cb7de55/winrt_windows_globalization-3.2.1-cp311-cp311-win_amd64.whl", hash = "sha256:dbd1bd81bc926efbccc6bc7bc04bf7668d045802f9e07cef821d69b717793f6f", size = 138196, upload-time = "2025-06-06T07:13:40.528Z" },
    { url = "https://files.pythonhosted.org/packages/b4/df/cfa06be65212534ea11bc3d2fa2793b958cae0000c7260de57b665605157/winrt_windows_globalization-3.2.1-cp311-cp311-win_arm64.whl", hash = "sha256:6b6232e404c0521ff7d181651899da84e2b6cf67a5c249d2c2cbca695d60e2d6", size = 111271, upload-time = "2025-06-06T07:13:41.391Z" },
    { url = "https://files.pythonhosted.org/packages/62/f6/022935dbfc8baa7d023c6cbc394bd62ca6ca54fb2878fac05aa042596cee/winrt_windows_globalization-3.2.1-cp312-cp312-win32.whl", hash = "sha256:77886c2b1c7a8781100dea1201b4667a6cbe2dc9fb2f84c436e9d55c99225e4e", size = 114831, upload-time = "2025-06-06T07:13:42.27Z" },
    { url = "https://files.pythonhosted.org/packages/69/da/8da1e5dc502e08e3a6d9de08712714310ef1780d25c762198e8e3b49a3fd/winrt_windows_globalization-3.2.1-cp312-cp312-win_amd64.whl", hash = "sha256:fa4dbf6b18586e435bdd5d40b8536fe1dfd95810a264a135d121b34e33d39aa5", size = 137623, upload-time = "2025-06-06T07:13:43.481Z" },
    { url = "https://files.pythonhosted.org/packages/21/3f/3bb757cf79123a91fda55b3e3892f2c3ea589e9494e7a9532db3393493b4/winrt_windows_globalization-3.2.1-cp312-cp312-win_arm64.whl", hash = "sha256:c0dac787143e6855a2429209e03b17ea493e344c95e96c1caa9b181b846401da", size = 111283, upload-time = "2025-06-06T07:13:44.345Z" },
    { url = "https://files.pythonhosted.org/packages/c2/12/d5b9318b1577d46d8b0a84b6e49c0563409334292d6a19089fbd9f68b3b0/winrt_windows_globalization-3.2.1-cp313-cp313-win32.whl", hash = "sha256:c0bdba6dcedfa1ca894fe8de2c58cb23274d524dc048e1585d383c2732a666a5", size = 114824, upload-time = "2025-06-06T07:13:45.627Z" },
    { url = "https://files.pythonhosted.org/packages/22/c7/6f16a70825678eb29b3afa0cdeec6d1250f4c15806bd13dcf863e3177ddd/winrt_windows_globalization-3.2.1-cp313-cp313-win_amd64.whl", hash = "sha256:e03c3339a9632bf855c7f24479d6014627dc15882a12a712f2706c2380e094cf", size = 137649, upload-time = "2025-06-06T07:13:46.816Z" },
    { url = "https://files.pythonhosted.org/packages/cb/2e/8fef8b38162a6644b75b99b0e52612374ffda592e4ea646c33ba53afc1ae/winrt_windows_globalization-3.2.1-cp313-cp313-win_arm64.whl", hash = "sha256:ae8cbc0fd548afc2733c6550842d121139f2e85db9763c7e5afd740f0e921437", size = 111307, upload-time = "2025-06-06T07:13:47.747Z" },
    { url = "https://files.pythonhosted.org/packages/1b/f7/f9bda18a5355e6726415c43a1c1e158a5f28f5c0523c9692136db08bc2f0/winrt_windows_globalization-3.2.1-cp314-cp314-win32.whl", hash = "sha256:487772ddae211ad5dbe0364edc5443e1a091b713ed4cf67d753fb20e212065b4", size = 117338, upload-time = "2025-09-20T07:12:20.934Z" },
    { url = "https://files.pythonhosted.org/packages/3b/89/8da6d8bcc275063f7f7484c6fdaadfa4a00e42e399e90a80935db906d120/winrt_windows_globalization-3.2.1-cp314-cp314-win_amd64.whl", hash = "sha256:60761540a6acb1273ea024e98616996522f485075ae48e5954d797896c5e2fc2", size = 141802, upload-time = "2025-09-20T07:12:21.77Z" },
    { url = "https://files.pythonhosted.org/packages/cc/83/420b2eb571e095b498aad274d3a77518f7c2237f1dcdf39de826e175e46d/winrt_windows_globalization-3.2.1-cp314-cp314-win_arm64.whl", hash = "sha256:9cb07af0c26f2fdb144fd2806a6c0de30b6c78f3afdf5a574375dd77de4574ff", size = 120277, upload-time = "2025-09-20T07:12:22.564Z" },
]

[[package]]
name = "winrt-windows-graphics-imaging"
version = "3.2.1"
source = { registry = "https://pypi.org/simple" }
dependencies = [
    { name = "winrt-runtime" },
]
sdist = { url = "https://files.pythonhosted.org/packages/3c/90/14655f93d5cc4224ae6c44866c36928926b54c8fe7ae4a465b10332bd935/winrt_windows_graphics_imaging-3.2.1.tar.gz", hash = "sha256:1e0bdb08625b0ce144a2e76dd5ed86605906e41196df92d660c8f87a993a1513", size = 26786, upload-time = "2025-06-06T14:42:11.95Z" }
wheels = [
    { url = "https://files.pythonhosted.org/packages/54/58/689c676b9944131b1237071c3457fadbb895c6e53eb922a249d93a2637dd/winrt_windows_graphics_imaging-3.2.1-cp311-cp311-win32.whl", hash = "sha256:6c538087b8955a8ba9cd067588a3a000390e05783875da33059bab9c5cd38a0a", size = 132850, upload-time = "2025-06-06T07:17:05.98Z" },
    { url = "https://files.pythonhosted.org/packages/57/9b/64b9b01a6c6b93d676e34a6a4cc9160714efe22039a94e7919899cda50f8/winrt_windows_graphics_imaging-3.2.1-cp311-cp311-win_amd64.whl", hash = "sha256:fa349bb85d69b75ee05a223e4383eecb74c82df50db9b450d4d3b174f98577a6", size = 144465, upload-time = "2025-06-06T07:17:06.822Z" },
    { url = "https://files.pythonhosted.org/packages/d5/76/103e34d023efaf596d21ec4fb4b1fa33a538cea5c2866bf4e36aa6364c27/winrt_windows_graphics_imaging-3.2.1-cp311-cp311-win_arm64.whl", hash = "sha256:25956a9fc7cc6f2aabdb43b07e6f058ff4abaa8a9116b68a9bf26a9a27a802fe", size = 136513, upload-time = "2025-06-06T07:17:07.701Z" },
    { url = "https://files.pythonhosted.org/packages/54/00/a1f1e4af34305738290c46170a080f57340722d3a79321f6ec89ad564930/winrt_windows_graphics_imaging-3.2.1-cp312-cp312-win32.whl", hash = "sha256:9694d7753b88f8ea4ee85564208e534e5d15474e88709aba99d16d783b633de2", size = 133287, upload-time = "2025-06-06T07:17:08.58Z" },
    { url = "https://files.pythonhosted.org/packages/3a/10/8cce4bffff8cad606623ea27adf711a0662881f2bca6207f12fd391d5eb8/winrt_windows_graphics_imaging-3.2.1-cp312-cp312-win_amd64.whl", hash = "sha256:066038a96df12c23d6da6a591472436ada50103f575d8a1f802778a044f668c8", size = 142457, upload-time = "2025-06-06T07:17:09.439Z" },
    { url = "https://files.pythonhosted.org/packages/68/ac/4cdf2a853258567ce851331a4c40aea960c315851de8cedd88380d8abf0c/winrt_windows_graphics_imaging-3.2.1-cp312-cp312-win_arm64.whl", hash = "sha256:5850bbfa0ad87dd138fbd2c3088d0641b34393c0d60d4679296596574199d210", size = 136036, upload-time = "2025-06-06T07:17:10.366Z" },
    { url = "https://files.pythonhosted.org/packages/fa/7a/3e2b38e3d5526981918a64b8e8970c10a86ad2e3fe142f2c6313349b7318/winrt_windows_graphics_imaging-3.2.1-cp313-cp313-win32.whl", hash = "sha256:9bcff883e1bb9819a651ad1151779b30fd3c7ed838e1f59e894984b9df54e54b", size = 133272, upload-time = "2025-06-06T07:17:11.255Z" },
    { url = "https://files.pythonhosted.org/packages/c4/f9/7bdb36146c7a28856d5a81f65289d5d74d7ba1f2192ef4b1414b24834425/winrt_windows_graphics_imaging-3.2.1-cp313-cp313-win_amd64.whl", hash = "sha256:7026df3274e20f72678b5d1a1425358004d9fe4316b775e413123841936345a5", size = 142428, upload-time = "2025-06-06T07:17:12.212Z" },
    { url = "https://files.pythonhosted.org/packages/4c/0c/5fac538512c42c9e3b7baa6b2f011d69eb56ec8a508020a8fa1e532f2f35/winrt_windows_graphics_imaging-3.2.1-cp313-cp313-win_arm64.whl", hash = "sha256:a8eb06ba156e65a42ef47bf18d2fc7cd3f558cc72af3b2743fb5f8ef92778117", size = 136049, upload-time = "2025-06-06T07:17:13.093Z" },
    { url = "https://files.pythonhosted.org/packages/03/f0/04e7c69a3869c1d5ad8b99ca488a1d2a08485c5bc0cc5952fd096ddc035f/winrt_windows_graphics_imaging-3.2.1-cp314-cp314-win32.whl", hash = "sha256:7e4a41592dc0f7e0275fe46f86d916cc15aa85afde4f08110b6aa19cfbc9265e", size = 138059, upload-time = "2025-09-20T07:13:00.847Z" },
    { url = "https://files.pythonhosted.org/packages/ab/1e/69b3d3b221545c0d47498d52e7080c1a791af80140f4fd622e673f5a5bc0/winrt_windows_graphics_imaging-3.2.1-cp314-cp314-win_amd64.whl", hash = "sha256:c9ed3f4805c205e15696993a4ee099ae36ccb4c4cbaa05415e8db1bf71d5ccc6", size = 146894, upload-time = "2025-09-20T07:13:01.764Z" },
    { url = "https://files.pythonhosted.org/packages/c4/8c/b4916433e2f4aeb1b7b1850367494593f9c51c9c21c3edc033a8e817db69/winrt_windows_graphics_imaging-3.2.1-cp314-cp314-win_arm64.whl", hash = "sha256:3b7f81a839e4c6a68cddc1ec89b02aa7ed5a8cb8e6f8e669a13a5771439a7568", size = 142316, upload-time = "2025-09-20T07:13:03.415Z" },
]

[[package]]
name = "winrt-windows-media-ocr"
version = "3.2.1"
source = { registry = "https://pypi.org/simple" }
dependencies = [
    { name = "winrt-runtime" },
]
sdist = { url = "https://files.pythonhosted.org/packages/be/cd/43353a1ddc388cd9ae4ed9ca090d53239aa17f1210616a5dbf18957def41/winrt_windows_media_ocr-3.2.1.tar.gz", hash = "sha256:521e63c42073ee911f373aa24a67eea0f2903b3bb91febdbc34875b254f2b66e", size = 6674, upload-time = "2025-06-06T14:42:43.356Z" }
wheels = [
    { url = "https://files.pythonhosted.org/packages/20/39/86ff6cbf9c4c4249838d4cd4e535022da92b03d1f81d47c8068566423e63/winrt_windows_media_ocr-3.2.1-cp311-cp311-win32.whl", hash = "sha256:20a1bc66461eaa6004261cad83226ca3df2e43e0fedff6fff08646844b772fd0", size = 41077, upload-time = "2025-06-06T07:25:55.054Z" },
    { url = "https://files.pythonhosted.org/packages/90/96/9a561df788aca523576a1486544ee77fcc4d3fd486573b9ced974156ebed/winrt_windows_media_ocr-3.2.1-cp311-cp311-win_amd64.whl", hash = "sha256:e1d44b85875643b4718d1094dbe75cee72b3cecedafe37c3f27b738f53bef96c", size = 42159, upload-time = "2025-06-06T07:25:55.939Z" },
    { url = "https://files.pythonhosted.org/packages/b4/55/e2561d21909d9b37d1b0cd10fb3ef0412619da8b38025bf0c1e18966b652/winrt_windows_media_ocr-3.2.1-cp311-cp311-win_arm64.whl", hash = "sha256:45b65325701de8eb11dd2f883a69a1a1a7a518c4563605fe994e7379ee8559e7", size = 39340, upload-time = "2025-06-06T07:25:56.74Z" },
    { url = "https://files.pythonhosted.org/packages/9a/3c/393f5bc11a295fd9f28a042ba714cbe40589db5529d14b24aa9589f77720/winrt_windows_media_ocr-3.2.1-cp312-cp312-win32.whl", hash = "sha256:80a8aeaced0ffd7dfc411529ed9acfaabd437f145b16db9d6539ef5ad26622bc", size = 41116, upload-time = "2025-06-06T07:25:57.552Z" },
    { url = "https://files.pythonhosted.org/packages/28/34/33d90b4856517801c23c932940a9e307e5ceab14ca2747d4e5da846b142b/winrt_windows_media_ocr-3.2.1-cp312-cp312-win_amd64.whl", hash = "sha256:9984824864b49eb65765f60ea9d910928888efe3cdf5f71f037d6fe9133134f6", size = 42066, upload-time = "2025-06-06T07:25:58.338Z" },
    { url = "https://files.pythonhosted.org/packages/ff/83/fc27681cf056f7488a59796966b92cbfdd6029cb4c85ca8600a01568dbb5/winrt_windows_media_ocr-3.2.1-cp312-cp312-win_arm64.whl", hash = "sha256:5ea135c42c8451ba3e202de149acd0db63d6925deca51c79fb244b1f33d6a2c9", size = 39409, upload-time = "2025-06-06T07:25:59.106Z" },
    { url = "https://files.pythonhosted.org/packages/c9/33/4af8858c0e7e637910b9226179c458456aa185be02ba3c7483d5a83edba3/winrt_windows_media_ocr-3.2.1-cp313-cp313-win32.whl", hash = "sha256:74e3e3c060656ea80cd961adaffe2461fc0233fc9e4658feb3469cdf77ba7c02", size = 41110, upload-time = "2025-06-06T07:26:00.108Z" },
    { url = "https://files.pythonhosted.org/packages/66/50/adf14ce4187aab3eceb87e713d266ddf68a95a2dc360463b06adf7eab32f/winrt_windows_media_ocr-3.2.1-cp313-cp313-win_amd64.whl", hash = "sha256:8252e790211a0ddace4513988dc4c36edaf727060cf5f6d4f1a1e11bc0020854", size = 42065, upload-time = "2025-06-06T07:26:01.188Z" },
    { url = "https://files.pythonhosted.org/packages/2f/9b/9a9331059235b12542d7b6370cf668c1f802a0392a1e41d640f57975f0c8/winrt_windows_media_ocr-3.2.1-cp313-cp313-win_arm64.whl", hash = "sha256:7d241eb5616772031f691111a8e0c70729bf8372ea552fdcb1a35544b7e9e832", size = 39397, upload-time = "2025-06-06T07:26:01.954Z" },
    { url = "https://files.pythonhosted.org/packages/81/ab/2542c775fda7ebca4629736d73d59c28fe3b5cd56ddfccb6b5e1f1232153/winrt_windows_media_ocr-3.2.1-cp314-cp314-win32.whl", hash = "sha256:c67fa675947e40f13c58ef4a1c49f8c779d3e6f1fdc91733a506a5e41ebf0007", size = 42227, upload-time = "2025-09-20T07:14:42.207Z" },
    { url = "https://files.pythonhosted.org/packages/f0/ce/719e981c55cec68feab1fab2e5012938c0846247ba3af30face2ca41a3ad/winrt_windows_media_ocr-3.2.1-cp314-cp314-win_amd64.whl", hash = "sha256:31a620f6704cf8a27bc38a5e4f7a7888c935aecc5443c6dfbfddca331259e2af", size = 43578, upload-time = "2025-09-20T07:14:42.936Z" },
    { url = "https://files.pythonhosted.org/packages/d4/52/c39c0d5cc1e9f506a09b28ad40c51a183cf62e454dc30fa17c1ef16554e5/winrt_windows_media_ocr-3.2.1-cp314-cp314-win_arm64.whl", hash = "sha256:e731cf200a4731f53c0e40fba72e0312e895f80ab4e3574dc45ef3b1e35509ef", size = 40765, upload-time = "2025-09-20T07:14:43.679Z" },
]

[[package]]
name = "winrt-windows-storage-streams"
version = "3.2.1"
source = { registry = "https://pypi.org/simple" }
dependencies = [
    { name = "winrt-runtime" },
]
sdist = { url = "https://files.pythonhosted.org/packages/00/50/f4488b07281566e3850fcae1021f0285c9653992f60a915e15567047db63/winrt_windows_storage_streams-3.2.1.tar.gz", hash = "sha256:476f522722751eb0b571bc7802d85a82a3cae8b1cce66061e6e758f525e7b80f", size = 34335, upload-time = "2025-06-06T14:43:23.905Z" }
wheels = [
    { url = "https://files.pythonhosted.org/packages/19/60/a9e0dc03434aa29e6b5c83067e988cd5934adf830cd9f87cbbc06569ca32/winrt_windows_storage_streams-3.2.1-cp311-cp311-win32.whl", hash = "sha256:7dace2f9e364422255d0e2f335f741bfe7abb1f4d4f6003622b2450b87c91e69", size = 127509, upload-time = "2025-06-06T14:01:58.971Z" },
    { url = "https://files.pythonhosted.org/packages/23/98/6c9c21b5e75ff5927a130da9eaf5ab628dfa1f93b64c181f0193706cbd6c/winrt_windows_storage_streams-3.2.1-cp311-cp311-win_amd64.whl", hash = "sha256:b02fa251a7eef6081eca1a5f64ecf349cfd1ac0ac0c5a5a30be52897d060bed5", size = 132491, upload-time = "2025-06-06T14:01:59.788Z" },
    { url = "https://files.pythonhosted.org/packages/38/ca/d0a02045d445cbf1029d65f01b487fdded5b333c0367a8bae0565b3def00/winrt_windows_storage_streams-3.2.1-cp311-cp311-win_arm64.whl", hash = "sha256:efdf250140340a75647e8e8ad002782d91308e9fdd1e19470a5b9cc969ae4780", size = 128577, upload-time = "2025-06-06T14:02:00.623Z" },
    { url = "https://files.pythonhosted.org/packages/87/e7/7d3f2a4a442f264e05cab2bdf20ed1b95cb3f753bd1b0f277f2b49fb8335/winrt_windows_storage_streams-3.2.1-cp312-cp312-win32.whl", hash = "sha256:77c1f0e004b84347b5bd705e8f0fc63be8cd29a6093be13f1d0869d0d97b7d78", size = 127787, upload-time = "2025-06-06T14:02:02.277Z" },
    { url = "https://files.pythonhosted.org/packages/c6/2f/cc36f475f8af293f40e2c2a5d6c2e75a189c2c2d4d01ecb3551578518c79/winrt_windows_storage_streams-3.2.1-cp312-cp312-win_amd64.whl", hash = "sha256:e4508ee135af53e4fc142876abbf4bc7c2a95edfc7d19f52b291a8499cacd6dc", size = 131849, upload-time = "2025-06-06T14:02:03.09Z" },
    { url = "https://files.pythonhosted.org/packages/94/84/896fb734f7456910ec412f3f3adfdc3f0dc3134864a496d5b120592f3bfd/winrt_windows_storage_streams-3.2.1-cp312-cp312-win_arm64.whl", hash = "sha256:040cb94e6fb26b0d00a00e8b88b06fadf29dfe18cf24ed6cb3e69709c3613307", size = 128144, upload-time = "2025-06-06T14:02:03.946Z" },
    { url = "https://files.pythonhosted.org/packages/d9/d2/24d9f59bdc05e741261d5bec3bcea9a848d57714126a263df840e2b515a8/winrt_windows_storage_streams-3.2.1-cp313-cp313-win32.whl", hash = "sha256:401bb44371720dc43bd1e78662615a2124372e7d5d9d65dfa8f77877bbcb8163", size = 127774, upload-time = "2025-06-06T14:02:04.752Z" },
    { url = "https://files.pythonhosted.org/packages/15/59/601724453b885265c7779d5f8025b043a68447cbc64ceb9149d674d5b724/winrt_windows_storage_streams-3.2.1-cp313-cp313-win_amd64.whl", hash = "sha256:202c5875606398b8bfaa2a290831458bb55f2196a39c1d4e5fa88a03d65ef915", size = 131827, upload-time = "2025-06-06T14:02:05.601Z" },
    { url = "https://files.pythonhosted.org/packages/fb/c2/a419675a6087c9ea496968c9b7805ef234afa585b7483e2269608a12b044/winrt_windows_storage_streams-3.2.1-cp313-cp313-win_arm64.whl", hash = "sha256:ca3c5ec0aab60895006bf61053a1aca6418bc7f9a27a34791ba3443b789d230d", size = 128180, upload-time = "2025-06-06T14:02:06.759Z" },
    { url = "https://files.pythonhosted.org/packages/55/70/2869ea2112c565caace73c9301afd1d7afcc49bdd37fac058f0178ba95d4/winrt_windows_storage_streams-3.2.1-cp314-cp314-win32.whl", hash = "sha256:5cd0dbad86fcc860366f6515fce97177b7eaa7069da261057be4813819ba37ee", size = 131701, upload-time = "2025-09-20T07:17:16.849Z" },
    { url = "https://files.pythonhosted.org/packages/f4/3d/aae50b1d0e37b5a61055759aedd42c6c99d7c17ab8c3e568ab33c0288938/winrt_windows_storage_streams-3.2.1-cp314-cp314-win_amd64.whl", hash = "sha256:3c5bf41d725369b9986e6d64bad7079372b95c329897d684f955d7028c7f27a0", size = 135566, upload-time = "2025-09-20T07:17:17.69Z" },
    { url = "https://files.pythonhosted.org/packages/bb/c3/6d3ce7a58e6c828e0795c9db8790d0593dd7fdf296e513c999150deb98d4/winrt_windows_storage_streams-3.2.1-cp314-cp314-win_arm64.whl", hash = "sha256:293e09825559d0929bbe5de01e1e115f7a6283d8996ab55652e5af365f032987", size = 134393, upload-time = "2025-09-20T07:17:18.802Z" },
]
